// !$*UTF8*$!
{
	archiveVersion = 1;
	classes = {
	};
	objectVersion = 47;
	objects = {

/* Begin PBXBuildFile section */
		52D6D9871BEFF229002C0205 /* Colors.framework in Frameworks */ = {isa = PBXBuildFile; fileRef = 52D6D97C1BEFF229002C0205 /* Colors.framework */; };
		52D6D9981BEFF375002C0205 /* Color.swift in Sources */ = {isa = PBXBuildFile; fileRef = 52D6D9961BEFF375002C0205 /* Color.swift */; };
		52D6D99B1BEFF375002C0205 /* ColorsTests.swift in Sources */ = {isa = PBXBuildFile; fileRef = 52D6D9971BEFF375002C0205 /* ColorsTests.swift */; };
		52D6D9EA1BEFFFA4002C0205 /* Color.swift in Sources */ = {isa = PBXBuildFile; fileRef = 52D6D9961BEFF375002C0205 /* Color.swift */; };
		52D6DA091BF00081002C0205 /* Color.swift in Sources */ = {isa = PBXBuildFile; fileRef = 52D6D9961BEFF375002C0205 /* Color.swift */; };
		52D6DA261BF00118002C0205 /* Color.swift in Sources */ = {isa = PBXBuildFile; fileRef = 52D6D9961BEFF375002C0205 /* Color.swift */; };
		DD7502861C68FDDC006590AF /* ColorsTests.swift in Sources */ = {isa = PBXBuildFile; fileRef = 52D6D9971BEFF375002C0205 /* ColorsTests.swift */; };
		DD7502881C68FEDE006590AF /* Colors.framework in Frameworks */ = {isa = PBXBuildFile; fileRef = 52D6DA0F1BF000BD002C0205 /* Colors.framework */; };
		DD7502921C690C7A006590AF /* Colors.framework in Frameworks */ = {isa = PBXBuildFile; fileRef = 52D6D9F01BEFFFBE002C0205 /* Colors.framework */; };
		DD75029A1C690CBE006590AF /* ColorsTests.swift in Sources */ = {isa = PBXBuildFile; fileRef = 52D6D9971BEFF375002C0205 /* ColorsTests.swift */; };
		FC12C2AA1E9502EC00AC1E7F /* Color.swift in Sources */ = {isa = PBXBuildFile; fileRef = 52D6D9961BEFF375002C0205 /* Color.swift */; };
		FC12C2AB1E9502ED00AC1E7F /* Color.swift in Sources */ = {isa = PBXBuildFile; fileRef = 52D6D9961BEFF375002C0205 /* Color.swift */; };
		FC12C2AC1E9502EE00AC1E7F /* Color.swift in Sources */ = {isa = PBXBuildFile; fileRef = 52D6D9961BEFF375002C0205 /* Color.swift */; };
		FC1D35401E9D3624007D31CE /* Color+Adjustment.swift in Sources */ = {isa = PBXBuildFile; fileRef = FC1D353F1E9D3624007D31CE /* Color+Adjustment.swift */; };
		FC1D35411E9D3624007D31CE /* Color+Adjustment.swift in Sources */ = {isa = PBXBuildFile; fileRef = FC1D353F1E9D3624007D31CE /* Color+Adjustment.swift */; };
		FC1D35421E9D3624007D31CE /* Color+Adjustment.swift in Sources */ = {isa = PBXBuildFile; fileRef = FC1D353F1E9D3624007D31CE /* Color+Adjustment.swift */; };
		FC1D35431E9D3624007D31CE /* Color+Adjustment.swift in Sources */ = {isa = PBXBuildFile; fileRef = FC1D353F1E9D3624007D31CE /* Color+Adjustment.swift */; };
		FC1D35441E9D3624007D31CE /* Color+Adjustment.swift in Sources */ = {isa = PBXBuildFile; fileRef = FC1D353F1E9D3624007D31CE /* Color+Adjustment.swift */; };
		FC1D35451E9D3624007D31CE /* Color+Adjustment.swift in Sources */ = {isa = PBXBuildFile; fileRef = FC1D353F1E9D3624007D31CE /* Color+Adjustment.swift */; };
		FC1D35461E9D3624007D31CE /* Color+Adjustment.swift in Sources */ = {isa = PBXBuildFile; fileRef = FC1D353F1E9D3624007D31CE /* Color+Adjustment.swift */; };
		FC1D35481E9D369D007D31CE /* Color+View.swift in Sources */ = {isa = PBXBuildFile; fileRef = FC1D35471E9D369D007D31CE /* Color+View.swift */; };
		FC1D35491E9D369D007D31CE /* Color+View.swift in Sources */ = {isa = PBXBuildFile; fileRef = FC1D35471E9D369D007D31CE /* Color+View.swift */; };
		FC1D354A1E9D369D007D31CE /* Color+View.swift in Sources */ = {isa = PBXBuildFile; fileRef = FC1D35471E9D369D007D31CE /* Color+View.swift */; };
		FC1D354B1E9D369D007D31CE /* Color+View.swift in Sources */ = {isa = PBXBuildFile; fileRef = FC1D35471E9D369D007D31CE /* Color+View.swift */; };
		FC1D354C1E9D369D007D31CE /* Color+View.swift in Sources */ = {isa = PBXBuildFile; fileRef = FC1D35471E9D369D007D31CE /* Color+View.swift */; };
		FC1D354D1E9D369D007D31CE /* Color+View.swift in Sources */ = {isa = PBXBuildFile; fileRef = FC1D35471E9D369D007D31CE /* Color+View.swift */; };
		FC1D354E1E9D369D007D31CE /* Color+View.swift in Sources */ = {isa = PBXBuildFile; fileRef = FC1D35471E9D369D007D31CE /* Color+View.swift */; };
		FC1D35501E9D36B0007D31CE /* Array+Color.swift in Sources */ = {isa = PBXBuildFile; fileRef = FC1D354F1E9D36B0007D31CE /* Array+Color.swift */; };
		FC1D35511E9D36B0007D31CE /* Array+Color.swift in Sources */ = {isa = PBXBuildFile; fileRef = FC1D354F1E9D36B0007D31CE /* Array+Color.swift */; };
		FC1D35521E9D36B0007D31CE /* Array+Color.swift in Sources */ = {isa = PBXBuildFile; fileRef = FC1D354F1E9D36B0007D31CE /* Array+Color.swift */; };
		FC1D35531E9D36B0007D31CE /* Array+Color.swift in Sources */ = {isa = PBXBuildFile; fileRef = FC1D354F1E9D36B0007D31CE /* Array+Color.swift */; };
		FC1D35541E9D36B0007D31CE /* Array+Color.swift in Sources */ = {isa = PBXBuildFile; fileRef = FC1D354F1E9D36B0007D31CE /* Array+Color.swift */; };
		FC1D35551E9D36B0007D31CE /* Array+Color.swift in Sources */ = {isa = PBXBuildFile; fileRef = FC1D354F1E9D36B0007D31CE /* Array+Color.swift */; };
		FC1D35561E9D36B0007D31CE /* Array+Color.swift in Sources */ = {isa = PBXBuildFile; fileRef = FC1D354F1E9D36B0007D31CE /* Array+Color.swift */; };
		FC1D35581E9D3701007D31CE /* ColorView.swift in Sources */ = {isa = PBXBuildFile; fileRef = FC1D35571E9D3701007D31CE /* ColorView.swift */; };
		FC1D35591E9D3701007D31CE /* ColorView.swift in Sources */ = {isa = PBXBuildFile; fileRef = FC1D35571E9D3701007D31CE /* ColorView.swift */; };
		FC1D355A1E9D3701007D31CE /* ColorView.swift in Sources */ = {isa = PBXBuildFile; fileRef = FC1D35571E9D3701007D31CE /* ColorView.swift */; };
		FC1D355B1E9D3701007D31CE /* ColorView.swift in Sources */ = {isa = PBXBuildFile; fileRef = FC1D35571E9D3701007D31CE /* ColorView.swift */; };
		FC1D355C1E9D3701007D31CE /* ColorView.swift in Sources */ = {isa = PBXBuildFile; fileRef = FC1D35571E9D3701007D31CE /* ColorView.swift */; };
		FC1D355D1E9D3701007D31CE /* ColorView.swift in Sources */ = {isa = PBXBuildFile; fileRef = FC1D35571E9D3701007D31CE /* ColorView.swift */; };
		FC1D355E1E9D3701007D31CE /* ColorView.swift in Sources */ = {isa = PBXBuildFile; fileRef = FC1D35571E9D3701007D31CE /* ColorView.swift */; };
		FC1D35601E9D372A007D31CE /* Color+UIColor.swift in Sources */ = {isa = PBXBuildFile; fileRef = FC1D355F1E9D372A007D31CE /* Color+UIColor.swift */; };
		FC1D35611E9D372A007D31CE /* Color+UIColor.swift in Sources */ = {isa = PBXBuildFile; fileRef = FC1D355F1E9D372A007D31CE /* Color+UIColor.swift */; };
		FC1D35621E9D372A007D31CE /* Color+UIColor.swift in Sources */ = {isa = PBXBuildFile; fileRef = FC1D355F1E9D372A007D31CE /* Color+UIColor.swift */; };
		FC1D35631E9D372A007D31CE /* Color+UIColor.swift in Sources */ = {isa = PBXBuildFile; fileRef = FC1D355F1E9D372A007D31CE /* Color+UIColor.swift */; };
		FC1D35641E9D372A007D31CE /* Color+UIColor.swift in Sources */ = {isa = PBXBuildFile; fileRef = FC1D355F1E9D372A007D31CE /* Color+UIColor.swift */; };
		FC1D35651E9D372A007D31CE /* Color+UIColor.swift in Sources */ = {isa = PBXBuildFile; fileRef = FC1D355F1E9D372A007D31CE /* Color+UIColor.swift */; };
		FC1D35661E9D372A007D31CE /* Color+UIColor.swift in Sources */ = {isa = PBXBuildFile; fileRef = FC1D355F1E9D372A007D31CE /* Color+UIColor.swift */; };
		FC1D35681E9D3737007D31CE /* Color+NSColor.swift in Sources */ = {isa = PBXBuildFile; fileRef = FC1D35671E9D3737007D31CE /* Color+NSColor.swift */; };
		FC1D35691E9D3737007D31CE /* Color+NSColor.swift in Sources */ = {isa = PBXBuildFile; fileRef = FC1D35671E9D3737007D31CE /* Color+NSColor.swift */; };
		FC1D356A1E9D3737007D31CE /* Color+NSColor.swift in Sources */ = {isa = PBXBuildFile; fileRef = FC1D35671E9D3737007D31CE /* Color+NSColor.swift */; };
		FC1D356B1E9D3737007D31CE /* Color+NSColor.swift in Sources */ = {isa = PBXBuildFile; fileRef = FC1D35671E9D3737007D31CE /* Color+NSColor.swift */; };
		FC1D356C1E9D3737007D31CE /* Color+NSColor.swift in Sources */ = {isa = PBXBuildFile; fileRef = FC1D35671E9D3737007D31CE /* Color+NSColor.swift */; };
		FC1D356D1E9D3737007D31CE /* Color+NSColor.swift in Sources */ = {isa = PBXBuildFile; fileRef = FC1D35671E9D3737007D31CE /* Color+NSColor.swift */; };
		FC1D356E1E9D3737007D31CE /* Color+NSColor.swift in Sources */ = {isa = PBXBuildFile; fileRef = FC1D35671E9D3737007D31CE /* Color+NSColor.swift */; };
		FC1D35701E9D391E007D31CE /* Color+Gradient.swift in Sources */ = {isa = PBXBuildFile; fileRef = FC1D356F1E9D391E007D31CE /* Color+Gradient.swift */; };
		FC1D35711E9D391E007D31CE /* Color+Gradient.swift in Sources */ = {isa = PBXBuildFile; fileRef = FC1D356F1E9D391E007D31CE /* Color+Gradient.swift */; };
		FC1D35721E9D391E007D31CE /* Color+Gradient.swift in Sources */ = {isa = PBXBuildFile; fileRef = FC1D356F1E9D391E007D31CE /* Color+Gradient.swift */; };
		FC1D35731E9D391E007D31CE /* Color+Gradient.swift in Sources */ = {isa = PBXBuildFile; fileRef = FC1D356F1E9D391E007D31CE /* Color+Gradient.swift */; };
		FC1D35741E9D391E007D31CE /* Color+Gradient.swift in Sources */ = {isa = PBXBuildFile; fileRef = FC1D356F1E9D391E007D31CE /* Color+Gradient.swift */; };
		FC1D35751E9D391E007D31CE /* Color+Gradient.swift in Sources */ = {isa = PBXBuildFile; fileRef = FC1D356F1E9D391E007D31CE /* Color+Gradient.swift */; };
		FC1D35761E9D391E007D31CE /* Color+Gradient.swift in Sources */ = {isa = PBXBuildFile; fileRef = FC1D356F1E9D391E007D31CE /* Color+Gradient.swift */; };
		FC6B95D01EC0791600E0B30B /* ColorSpace.swift in Sources */ = {isa = PBXBuildFile; fileRef = FC6B95CF1EC0791600E0B30B /* ColorSpace.swift */; };
		FC6B95D11EC0791600E0B30B /* ColorSpace.swift in Sources */ = {isa = PBXBuildFile; fileRef = FC6B95CF1EC0791600E0B30B /* ColorSpace.swift */; };
		FC6B95D21EC0791600E0B30B /* ColorSpace.swift in Sources */ = {isa = PBXBuildFile; fileRef = FC6B95CF1EC0791600E0B30B /* ColorSpace.swift */; };
		FC6B95D31EC0791600E0B30B /* ColorSpace.swift in Sources */ = {isa = PBXBuildFile; fileRef = FC6B95CF1EC0791600E0B30B /* ColorSpace.swift */; };
		FC6B95D41EC0791600E0B30B /* ColorSpace.swift in Sources */ = {isa = PBXBuildFile; fileRef = FC6B95CF1EC0791600E0B30B /* ColorSpace.swift */; };
		FC6B95D51EC0791600E0B30B /* ColorSpace.swift in Sources */ = {isa = PBXBuildFile; fileRef = FC6B95CF1EC0791600E0B30B /* ColorSpace.swift */; };
		FC6B95D61EC0791600E0B30B /* ColorSpace.swift in Sources */ = {isa = PBXBuildFile; fileRef = FC6B95CF1EC0791600E0B30B /* ColorSpace.swift */; };
		FC6B95D81EC07AE600E0B30B /* Color+Conversion.swift in Sources */ = {isa = PBXBuildFile; fileRef = FC6B95D71EC07AE600E0B30B /* Color+Conversion.swift */; };
		FC6B95D91EC07AE600E0B30B /* Color+Conversion.swift in Sources */ = {isa = PBXBuildFile; fileRef = FC6B95D71EC07AE600E0B30B /* Color+Conversion.swift */; };
		FC6B95DA1EC07AE600E0B30B /* Color+Conversion.swift in Sources */ = {isa = PBXBuildFile; fileRef = FC6B95D71EC07AE600E0B30B /* Color+Conversion.swift */; };
		FC6B95DB1EC07AE600E0B30B /* Color+Conversion.swift in Sources */ = {isa = PBXBuildFile; fileRef = FC6B95D71EC07AE600E0B30B /* Color+Conversion.swift */; };
		FC6B95DC1EC07AE600E0B30B /* Color+Conversion.swift in Sources */ = {isa = PBXBuildFile; fileRef = FC6B95D71EC07AE600E0B30B /* Color+Conversion.swift */; };
		FC6B95DD1EC07AE600E0B30B /* Color+Conversion.swift in Sources */ = {isa = PBXBuildFile; fileRef = FC6B95D71EC07AE600E0B30B /* Color+Conversion.swift */; };
		FC6B95DE1EC07AE600E0B30B /* Color+Conversion.swift in Sources */ = {isa = PBXBuildFile; fileRef = FC6B95D71EC07AE600E0B30B /* Color+Conversion.swift */; };
		FC6B95EF1EC0DC1000E0B30B /* Color+Named.swift in Sources */ = {isa = PBXBuildFile; fileRef = FC6B95EA1EC0DC1000E0B30B /* Color+Named.swift */; };
		FC6B95F01EC0DC1000E0B30B /* Color+Named.swift in Sources */ = {isa = PBXBuildFile; fileRef = FC6B95EA1EC0DC1000E0B30B /* Color+Named.swift */; };
		FC6B95F11EC0DC1000E0B30B /* Color+Named.swift in Sources */ = {isa = PBXBuildFile; fileRef = FC6B95EA1EC0DC1000E0B30B /* Color+Named.swift */; };
		FC6B95F21EC0DC1000E0B30B /* Color+Named.swift in Sources */ = {isa = PBXBuildFile; fileRef = FC6B95EA1EC0DC1000E0B30B /* Color+Named.swift */; };
		FC6B95F31EC0DC1000E0B30B /* Color+Named.swift in Sources */ = {isa = PBXBuildFile; fileRef = FC6B95EA1EC0DC1000E0B30B /* Color+Named.swift */; };
		FC6B95F41EC0DC1000E0B30B /* Color+Named.swift in Sources */ = {isa = PBXBuildFile; fileRef = FC6B95EA1EC0DC1000E0B30B /* Color+Named.swift */; };
		FC6B95F51EC0DC1000E0B30B /* Color+Named.swift in Sources */ = {isa = PBXBuildFile; fileRef = FC6B95EA1EC0DC1000E0B30B /* Color+Named.swift */; };
		FC6B95F61EC0DC1000E0B30B /* Color+Resene.swift in Sources */ = {isa = PBXBuildFile; fileRef = FC6B95EB1EC0DC1000E0B30B /* Color+Resene.swift */; };
		FC6B95F71EC0DC1000E0B30B /* Color+Resene.swift in Sources */ = {isa = PBXBuildFile; fileRef = FC6B95EB1EC0DC1000E0B30B /* Color+Resene.swift */; };
		FC6B95F81EC0DC1000E0B30B /* Color+Resene.swift in Sources */ = {isa = PBXBuildFile; fileRef = FC6B95EB1EC0DC1000E0B30B /* Color+Resene.swift */; };
		FC6B95F91EC0DC1000E0B30B /* Color+Resene.swift in Sources */ = {isa = PBXBuildFile; fileRef = FC6B95EB1EC0DC1000E0B30B /* Color+Resene.swift */; };
		FC6B95FA1EC0DC1000E0B30B /* Color+Resene.swift in Sources */ = {isa = PBXBuildFile; fileRef = FC6B95EB1EC0DC1000E0B30B /* Color+Resene.swift */; };
		FC6B95FB1EC0DC1000E0B30B /* Color+Resene.swift in Sources */ = {isa = PBXBuildFile; fileRef = FC6B95EB1EC0DC1000E0B30B /* Color+Resene.swift */; };
		FC6B95FC1EC0DC1000E0B30B /* Color+Resene.swift in Sources */ = {isa = PBXBuildFile; fileRef = FC6B95EB1EC0DC1000E0B30B /* Color+Resene.swift */; };
		FC6B95FD1EC0DC1000E0B30B /* Colors+CGA.swift in Sources */ = {isa = PBXBuildFile; fileRef = FC6B95EC1EC0DC1000E0B30B /* Colors+CGA.swift */; };
		FC6B95FE1EC0DC1000E0B30B /* Colors+CGA.swift in Sources */ = {isa = PBXBuildFile; fileRef = FC6B95EC1EC0DC1000E0B30B /* Colors+CGA.swift */; };
		FC6B95FF1EC0DC1000E0B30B /* Colors+CGA.swift in Sources */ = {isa = PBXBuildFile; fileRef = FC6B95EC1EC0DC1000E0B30B /* Colors+CGA.swift */; };
		FC6B96001EC0DC1000E0B30B /* Colors+CGA.swift in Sources */ = {isa = PBXBuildFile; fileRef = FC6B95EC1EC0DC1000E0B30B /* Colors+CGA.swift */; };
		FC6B96011EC0DC1000E0B30B /* Colors+CGA.swift in Sources */ = {isa = PBXBuildFile; fileRef = FC6B95EC1EC0DC1000E0B30B /* Colors+CGA.swift */; };
		FC6B96021EC0DC1000E0B30B /* Colors+CGA.swift in Sources */ = {isa = PBXBuildFile; fileRef = FC6B95EC1EC0DC1000E0B30B /* Colors+CGA.swift */; };
		FC6B96031EC0DC1000E0B30B /* Colors+CGA.swift in Sources */ = {isa = PBXBuildFile; fileRef = FC6B95EC1EC0DC1000E0B30B /* Colors+CGA.swift */; };
		FC6B96041EC0DC1000E0B30B /* Colors+W3C.swift in Sources */ = {isa = PBXBuildFile; fileRef = FC6B95ED1EC0DC1000E0B30B /* Colors+W3C.swift */; };
		FC6B96051EC0DC1000E0B30B /* Colors+W3C.swift in Sources */ = {isa = PBXBuildFile; fileRef = FC6B95ED1EC0DC1000E0B30B /* Colors+W3C.swift */; };
		FC6B96061EC0DC1000E0B30B /* Colors+W3C.swift in Sources */ = {isa = PBXBuildFile; fileRef = FC6B95ED1EC0DC1000E0B30B /* Colors+W3C.swift */; };
		FC6B96071EC0DC1000E0B30B /* Colors+W3C.swift in Sources */ = {isa = PBXBuildFile; fileRef = FC6B95ED1EC0DC1000E0B30B /* Colors+W3C.swift */; };
		FC6B96081EC0DC1000E0B30B /* Colors+W3C.swift in Sources */ = {isa = PBXBuildFile; fileRef = FC6B95ED1EC0DC1000E0B30B /* Colors+W3C.swift */; };
		FC6B96091EC0DC1000E0B30B /* Colors+W3C.swift in Sources */ = {isa = PBXBuildFile; fileRef = FC6B95ED1EC0DC1000E0B30B /* Colors+W3C.swift */; };
		FC6B960A1EC0DC1000E0B30B /* Colors+W3C.swift in Sources */ = {isa = PBXBuildFile; fileRef = FC6B95ED1EC0DC1000E0B30B /* Colors+W3C.swift */; };
		FC6B960B1EC0DC1000E0B30B /* Colors+X11.swift in Sources */ = {isa = PBXBuildFile; fileRef = FC6B95EE1EC0DC1000E0B30B /* Colors+X11.swift */; };
		FC6B960C1EC0DC1000E0B30B /* Colors+X11.swift in Sources */ = {isa = PBXBuildFile; fileRef = FC6B95EE1EC0DC1000E0B30B /* Colors+X11.swift */; };
		FC6B960D1EC0DC1000E0B30B /* Colors+X11.swift in Sources */ = {isa = PBXBuildFile; fileRef = FC6B95EE1EC0DC1000E0B30B /* Colors+X11.swift */; };
		FC6B960E1EC0DC1000E0B30B /* Colors+X11.swift in Sources */ = {isa = PBXBuildFile; fileRef = FC6B95EE1EC0DC1000E0B30B /* Colors+X11.swift */; };
		FC6B960F1EC0DC1000E0B30B /* Colors+X11.swift in Sources */ = {isa = PBXBuildFile; fileRef = FC6B95EE1EC0DC1000E0B30B /* Colors+X11.swift */; };
		FC6B96101EC0DC1000E0B30B /* Colors+X11.swift in Sources */ = {isa = PBXBuildFile; fileRef = FC6B95EE1EC0DC1000E0B30B /* Colors+X11.swift */; };
		FC6B96111EC0DC1000E0B30B /* Colors+X11.swift in Sources */ = {isa = PBXBuildFile; fileRef = FC6B95EE1EC0DC1000E0B30B /* Colors+X11.swift */; };
		FC6B96131EC0E96800E0B30B /* Color+XKCD.swift in Sources */ = {isa = PBXBuildFile; fileRef = FC6B96121EC0E96800E0B30B /* Color+XKCD.swift */; };
		FC6B96141EC0E96800E0B30B /* Color+XKCD.swift in Sources */ = {isa = PBXBuildFile; fileRef = FC6B96121EC0E96800E0B30B /* Color+XKCD.swift */; };
		FC6B96151EC0E96800E0B30B /* Color+XKCD.swift in Sources */ = {isa = PBXBuildFile; fileRef = FC6B96121EC0E96800E0B30B /* Color+XKCD.swift */; };
		FC6B96161EC0E96800E0B30B /* Color+XKCD.swift in Sources */ = {isa = PBXBuildFile; fileRef = FC6B96121EC0E96800E0B30B /* Color+XKCD.swift */; };
		FC6B96171EC0E96800E0B30B /* Color+XKCD.swift in Sources */ = {isa = PBXBuildFile; fileRef = FC6B96121EC0E96800E0B30B /* Color+XKCD.swift */; };
		FC6B96181EC0E96800E0B30B /* Color+XKCD.swift in Sources */ = {isa = PBXBuildFile; fileRef = FC6B96121EC0E96800E0B30B /* Color+XKCD.swift */; };
		FC6B96191EC0E96800E0B30B /* Color+XKCD.swift in Sources */ = {isa = PBXBuildFile; fileRef = FC6B96121EC0E96800E0B30B /* Color+XKCD.swift */; };
		FC6B961B1EC1F18300E0B30B /* FloatingPoint+Units.swift in Sources */ = {isa = PBXBuildFile; fileRef = FC6B961A1EC1F18300E0B30B /* FloatingPoint+Units.swift */; };
		FC6B961C1EC1F18300E0B30B /* FloatingPoint+Units.swift in Sources */ = {isa = PBXBuildFile; fileRef = FC6B961A1EC1F18300E0B30B /* FloatingPoint+Units.swift */; };
		FC6B961D1EC1F18300E0B30B /* FloatingPoint+Units.swift in Sources */ = {isa = PBXBuildFile; fileRef = FC6B961A1EC1F18300E0B30B /* FloatingPoint+Units.swift */; };
		FC6B961E1EC1F18300E0B30B /* FloatingPoint+Units.swift in Sources */ = {isa = PBXBuildFile; fileRef = FC6B961A1EC1F18300E0B30B /* FloatingPoint+Units.swift */; };
		FC6B961F1EC1F18300E0B30B /* FloatingPoint+Units.swift in Sources */ = {isa = PBXBuildFile; fileRef = FC6B961A1EC1F18300E0B30B /* FloatingPoint+Units.swift */; };
		FC6B96201EC1F18300E0B30B /* FloatingPoint+Units.swift in Sources */ = {isa = PBXBuildFile; fileRef = FC6B961A1EC1F18300E0B30B /* FloatingPoint+Units.swift */; };
		FC6B96211EC1F18300E0B30B /* FloatingPoint+Units.swift in Sources */ = {isa = PBXBuildFile; fileRef = FC6B961A1EC1F18300E0B30B /* FloatingPoint+Units.swift */; };
		FC81F4C51E9D14A400199604 /* Color+Operators.swift in Sources */ = {isa = PBXBuildFile; fileRef = FC81F4C41E9D14A400199604 /* Color+Operators.swift */; };
		FC81F4C61E9D14A400199604 /* Color+Operators.swift in Sources */ = {isa = PBXBuildFile; fileRef = FC81F4C41E9D14A400199604 /* Color+Operators.swift */; };
		FC81F4C71E9D14A400199604 /* Color+Operators.swift in Sources */ = {isa = PBXBuildFile; fileRef = FC81F4C41E9D14A400199604 /* Color+Operators.swift */; };
		FC81F4C81E9D14A400199604 /* Color+Operators.swift in Sources */ = {isa = PBXBuildFile; fileRef = FC81F4C41E9D14A400199604 /* Color+Operators.swift */; };
		FC81F4C91E9D14A400199604 /* Color+Operators.swift in Sources */ = {isa = PBXBuildFile; fileRef = FC81F4C41E9D14A400199604 /* Color+Operators.swift */; };
		FC81F4CA1E9D14A400199604 /* Color+Operators.swift in Sources */ = {isa = PBXBuildFile; fileRef = FC81F4C41E9D14A400199604 /* Color+Operators.swift */; };
		FC81F4CB1E9D14A400199604 /* Color+Operators.swift in Sources */ = {isa = PBXBuildFile; fileRef = FC81F4C41E9D14A400199604 /* Color+Operators.swift */; };
		FC81F4D51E9D236600199604 /* Types.swift in Sources */ = {isa = PBXBuildFile; fileRef = FC81F4D41E9D236600199604 /* Types.swift */; };
		FC81F4D61E9D236600199604 /* Types.swift in Sources */ = {isa = PBXBuildFile; fileRef = FC81F4D41E9D236600199604 /* Types.swift */; };
		FC81F4D71E9D236600199604 /* Types.swift in Sources */ = {isa = PBXBuildFile; fileRef = FC81F4D41E9D236600199604 /* Types.swift */; };
		FC81F4D81E9D236600199604 /* Types.swift in Sources */ = {isa = PBXBuildFile; fileRef = FC81F4D41E9D236600199604 /* Types.swift */; };
		FC81F4D91E9D236600199604 /* Types.swift in Sources */ = {isa = PBXBuildFile; fileRef = FC81F4D41E9D236600199604 /* Types.swift */; };
		FC81F4DA1E9D236600199604 /* Types.swift in Sources */ = {isa = PBXBuildFile; fileRef = FC81F4D41E9D236600199604 /* Types.swift */; };
		FC81F4DB1E9D236600199604 /* Types.swift in Sources */ = {isa = PBXBuildFile; fileRef = FC81F4D41E9D236600199604 /* Types.swift */; };
		FCBB686E1E9D095B000F4E94 /* Math.swift in Sources */ = {isa = PBXBuildFile; fileRef = FCBB686D1E9D095B000F4E94 /* Math.swift */; };
		FCBB686F1E9D095B000F4E94 /* Math.swift in Sources */ = {isa = PBXBuildFile; fileRef = FCBB686D1E9D095B000F4E94 /* Math.swift */; };
		FCBB68701E9D095B000F4E94 /* Math.swift in Sources */ = {isa = PBXBuildFile; fileRef = FCBB686D1E9D095B000F4E94 /* Math.swift */; };
		FCBB68711E9D095B000F4E94 /* Math.swift in Sources */ = {isa = PBXBuildFile; fileRef = FCBB686D1E9D095B000F4E94 /* Math.swift */; };
		FCBB68721E9D095B000F4E94 /* Math.swift in Sources */ = {isa = PBXBuildFile; fileRef = FCBB686D1E9D095B000F4E94 /* Math.swift */; };
		FCBB68731E9D095B000F4E94 /* Math.swift in Sources */ = {isa = PBXBuildFile; fileRef = FCBB686D1E9D095B000F4E94 /* Math.swift */; };
		FCBB68741E9D095B000F4E94 /* Math.swift in Sources */ = {isa = PBXBuildFile; fileRef = FCBB686D1E9D095B000F4E94 /* Math.swift */; };
		FCCA8C211EEB28F2003D18F6 /* Color+CustomReflectable.swift in Sources */ = {isa = PBXBuildFile; fileRef = FCCA8C201EEB28F2003D18F6 /* Color+CustomReflectable.swift */; };
		FCCA8C221EEB28F2003D18F6 /* Color+CustomReflectable.swift in Sources */ = {isa = PBXBuildFile; fileRef = FCCA8C201EEB28F2003D18F6 /* Color+CustomReflectable.swift */; };
		FCCA8C231EEB28F2003D18F6 /* Color+CustomReflectable.swift in Sources */ = {isa = PBXBuildFile; fileRef = FCCA8C201EEB28F2003D18F6 /* Color+CustomReflectable.swift */; };
		FCCA8C241EEB28F2003D18F6 /* Color+CustomReflectable.swift in Sources */ = {isa = PBXBuildFile; fileRef = FCCA8C201EEB28F2003D18F6 /* Color+CustomReflectable.swift */; };
		FCCA8C251EEB28F2003D18F6 /* Color+CustomReflectable.swift in Sources */ = {isa = PBXBuildFile; fileRef = FCCA8C201EEB28F2003D18F6 /* Color+CustomReflectable.swift */; };
		FCCA8C261EEB28F2003D18F6 /* Color+CustomReflectable.swift in Sources */ = {isa = PBXBuildFile; fileRef = FCCA8C201EEB28F2003D18F6 /* Color+CustomReflectable.swift */; };
		FCCA8C271EEB28F2003D18F6 /* Color+CustomReflectable.swift in Sources */ = {isa = PBXBuildFile; fileRef = FCCA8C201EEB28F2003D18F6 /* Color+CustomReflectable.swift */; };
/* End PBXBuildFile section */

/* Begin PBXContainerItemProxy section */
		52D6D9881BEFF229002C0205 /* PBXContainerItemProxy */ = {
			isa = PBXContainerItemProxy;
			containerPortal = 52D6D9731BEFF229002C0205 /* Project object */;
			proxyType = 1;
			remoteGlobalIDString = 52D6D97B1BEFF229002C0205;
			remoteInfo = Colors;
		};
		DD7502801C68FCFC006590AF /* PBXContainerItemProxy */ = {
			isa = PBXContainerItemProxy;
			containerPortal = 52D6D9731BEFF229002C0205 /* Project object */;
			proxyType = 1;
			remoteGlobalIDString = 52D6DA0E1BF000BD002C0205;
			remoteInfo = "Colors-macOS";
		};
		DD7502931C690C7A006590AF /* PBXContainerItemProxy */ = {
			isa = PBXContainerItemProxy;
			containerPortal = 52D6D9731BEFF229002C0205 /* Project object */;
			proxyType = 1;
			remoteGlobalIDString = 52D6D9EF1BEFFFBE002C0205;
			remoteInfo = "Colors-tvOS";
		};
/* End PBXContainerItemProxy section */

/* Begin PBXFileReference section */
		52D6D97C1BEFF229002C0205 /* Colors.framework */ = {isa = PBXFileReference; explicitFileType = wrapper.framework; includeInIndex = 0; path = Colors.framework; sourceTree = BUILT_PRODUCTS_DIR; };
		52D6D9861BEFF229002C0205 /* Colors-iOS Tests.xctest */ = {isa = PBXFileReference; explicitFileType = wrapper.cfbundle; includeInIndex = 0; path = "Colors-iOS Tests.xctest"; sourceTree = BUILT_PRODUCTS_DIR; };
		52D6D9961BEFF375002C0205 /* Color.swift */ = {isa = PBXFileReference; fileEncoding = 4; lastKnownFileType = sourcecode.swift; path = Color.swift; sourceTree = "<group>"; };
		52D6D9971BEFF375002C0205 /* ColorsTests.swift */ = {isa = PBXFileReference; fileEncoding = 4; lastKnownFileType = sourcecode.swift; name = ColorsTests.swift; path = Tests/ColorsTests/ColorsTests.swift; sourceTree = "<group>"; };
		52D6D9E21BEFFF6E002C0205 /* Colors.framework */ = {isa = PBXFileReference; explicitFileType = wrapper.framework; includeInIndex = 0; path = Colors.framework; sourceTree = BUILT_PRODUCTS_DIR; };
		52D6D9F01BEFFFBE002C0205 /* Colors.framework */ = {isa = PBXFileReference; explicitFileType = wrapper.framework; includeInIndex = 0; path = Colors.framework; sourceTree = BUILT_PRODUCTS_DIR; };
		52D6DA0F1BF000BD002C0205 /* Colors.framework */ = {isa = PBXFileReference; explicitFileType = wrapper.framework; includeInIndex = 0; path = Colors.framework; sourceTree = BUILT_PRODUCTS_DIR; };
		AD2FAA261CD0B6D800659CF4 /* Colors.plist */ = {isa = PBXFileReference; fileEncoding = 4; lastKnownFileType = text.plist.xml; path = Colors.plist; sourceTree = "<group>"; };
		AD2FAA281CD0B6E100659CF4 /* ColorsTests.plist */ = {isa = PBXFileReference; fileEncoding = 4; lastKnownFileType = text.plist.xml; path = ColorsTests.plist; sourceTree = "<group>"; };
		DD75027A1C68FCFC006590AF /* Colors-macOS Tests.xctest */ = {isa = PBXFileReference; explicitFileType = wrapper.cfbundle; includeInIndex = 0; path = "Colors-macOS Tests.xctest"; sourceTree = BUILT_PRODUCTS_DIR; };
		DD75028D1C690C7A006590AF /* Colors-tvOS Tests.xctest */ = {isa = PBXFileReference; explicitFileType = wrapper.cfbundle; includeInIndex = 0; path = "Colors-tvOS Tests.xctest"; sourceTree = BUILT_PRODUCTS_DIR; };
		FC1D353F1E9D3624007D31CE /* Color+Adjustment.swift */ = {isa = PBXFileReference; fileEncoding = 4; lastKnownFileType = sourcecode.swift; path = "Color+Adjustment.swift"; sourceTree = "<group>"; };
		FC1D35471E9D369D007D31CE /* Color+View.swift */ = {isa = PBXFileReference; fileEncoding = 4; lastKnownFileType = sourcecode.swift; path = "Color+View.swift"; sourceTree = "<group>"; };
		FC1D354F1E9D36B0007D31CE /* Array+Color.swift */ = {isa = PBXFileReference; fileEncoding = 4; lastKnownFileType = sourcecode.swift; path = "Array+Color.swift"; sourceTree = "<group>"; };
		FC1D35571E9D3701007D31CE /* ColorView.swift */ = {isa = PBXFileReference; fileEncoding = 4; lastKnownFileType = sourcecode.swift; path = ColorView.swift; sourceTree = "<group>"; };
		FC1D355F1E9D372A007D31CE /* Color+UIColor.swift */ = {isa = PBXFileReference; fileEncoding = 4; lastKnownFileType = sourcecode.swift; path = "Color+UIColor.swift"; sourceTree = "<group>"; };
		FC1D35671E9D3737007D31CE /* Color+NSColor.swift */ = {isa = PBXFileReference; fileEncoding = 4; lastKnownFileType = sourcecode.swift; path = "Color+NSColor.swift"; sourceTree = "<group>"; };
		FC1D356F1E9D391E007D31CE /* Color+Gradient.swift */ = {isa = PBXFileReference; fileEncoding = 4; lastKnownFileType = sourcecode.swift; path = "Color+Gradient.swift"; sourceTree = "<group>"; };
		FC6B95CF1EC0791600E0B30B /* ColorSpace.swift */ = {isa = PBXFileReference; fileEncoding = 4; lastKnownFileType = sourcecode.swift; path = ColorSpace.swift; sourceTree = "<group>"; };
		FC6B95D71EC07AE600E0B30B /* Color+Conversion.swift */ = {isa = PBXFileReference; fileEncoding = 4; lastKnownFileType = sourcecode.swift; path = "Color+Conversion.swift"; sourceTree = "<group>"; };
		FC6B95EA1EC0DC1000E0B30B /* Color+Named.swift */ = {isa = PBXFileReference; fileEncoding = 4; lastKnownFileType = sourcecode.swift; path = "Color+Named.swift"; sourceTree = "<group>"; };
		FC6B95EB1EC0DC1000E0B30B /* Color+Resene.swift */ = {isa = PBXFileReference; fileEncoding = 4; lastKnownFileType = sourcecode.swift; path = "Color+Resene.swift"; sourceTree = "<group>"; };
		FC6B95EC1EC0DC1000E0B30B /* Colors+CGA.swift */ = {isa = PBXFileReference; fileEncoding = 4; lastKnownFileType = sourcecode.swift; path = "Colors+CGA.swift"; sourceTree = "<group>"; };
		FC6B95ED1EC0DC1000E0B30B /* Colors+W3C.swift */ = {isa = PBXFileReference; fileEncoding = 4; lastKnownFileType = sourcecode.swift; path = "Colors+W3C.swift"; sourceTree = "<group>"; };
		FC6B95EE1EC0DC1000E0B30B /* Colors+X11.swift */ = {isa = PBXFileReference; fileEncoding = 4; lastKnownFileType = sourcecode.swift; path = "Colors+X11.swift"; sourceTree = "<group>"; };
		FC6B96121EC0E96800E0B30B /* Color+XKCD.swift */ = {isa = PBXFileReference; fileEncoding = 4; lastKnownFileType = sourcecode.swift; path = "Color+XKCD.swift"; sourceTree = "<group>"; };
		FC6B961A1EC1F18300E0B30B /* FloatingPoint+Units.swift */ = {isa = PBXFileReference; fileEncoding = 4; lastKnownFileType = sourcecode.swift; path = "FloatingPoint+Units.swift"; sourceTree = "<group>"; };
		FC78A9121EEC7E7D0095DF8C /* README.md */ = {isa = PBXFileReference; lastKnownFileType = net.daringfireball.markdown; path = README.md; sourceTree = "<group>"; };
		FC81F4C41E9D14A400199604 /* Color+Operators.swift */ = {isa = PBXFileReference; fileEncoding = 4; lastKnownFileType = sourcecode.swift; path = "Color+Operators.swift"; sourceTree = "<group>"; };
		FC81F4D41E9D236600199604 /* Types.swift */ = {isa = PBXFileReference; fileEncoding = 4; lastKnownFileType = sourcecode.swift; path = Types.swift; sourceTree = "<group>"; };
		FCBB686D1E9D095B000F4E94 /* Math.swift */ = {isa = PBXFileReference; fileEncoding = 4; lastKnownFileType = sourcecode.swift; path = Math.swift; sourceTree = "<group>"; };
		FCCA8C201EEB28F2003D18F6 /* Color+CustomReflectable.swift */ = {isa = PBXFileReference; lastKnownFileType = sourcecode.swift; path = "Color+CustomReflectable.swift"; sourceTree = "<group>"; };
/* End PBXFileReference section */

/* Begin PBXFrameworksBuildPhase section */
		52D6D9781BEFF229002C0205 /* Frameworks */ = {
			isa = PBXFrameworksBuildPhase;
			buildActionMask = 2147483647;
			files = (
			);
			runOnlyForDeploymentPostprocessing = 0;
		};
		52D6D9831BEFF229002C0205 /* Frameworks */ = {
			isa = PBXFrameworksBuildPhase;
			buildActionMask = 2147483647;
			files = (
				52D6D9871BEFF229002C0205 /* Colors.framework in Frameworks */,
			);
			runOnlyForDeploymentPostprocessing = 0;
		};
		52D6D9DE1BEFFF6E002C0205 /* Frameworks */ = {
			isa = PBXFrameworksBuildPhase;
			buildActionMask = 2147483647;
			files = (
			);
			runOnlyForDeploymentPostprocessing = 0;
		};
		52D6D9EC1BEFFFBE002C0205 /* Frameworks */ = {
			isa = PBXFrameworksBuildPhase;
			buildActionMask = 2147483647;
			files = (
			);
			runOnlyForDeploymentPostprocessing = 0;
		};
		52D6DA0B1BF000BD002C0205 /* Frameworks */ = {
			isa = PBXFrameworksBuildPhase;
			buildActionMask = 2147483647;
			files = (
			);
			runOnlyForDeploymentPostprocessing = 0;
		};
		DD7502771C68FCFC006590AF /* Frameworks */ = {
			isa = PBXFrameworksBuildPhase;
			buildActionMask = 2147483647;
			files = (
				DD7502881C68FEDE006590AF /* Colors.framework in Frameworks */,
			);
			runOnlyForDeploymentPostprocessing = 0;
		};
		DD75028A1C690C7A006590AF /* Frameworks */ = {
			isa = PBXFrameworksBuildPhase;
			buildActionMask = 2147483647;
			files = (
				DD7502921C690C7A006590AF /* Colors.framework in Frameworks */,
			);
			runOnlyForDeploymentPostprocessing = 0;
		};
/* End PBXFrameworksBuildPhase section */

/* Begin PBXGroup section */
		52D6D9721BEFF229002C0205 = {
			isa = PBXGroup;
			children = (
				52D6D99C1BEFF38C002C0205 /* Configs */,
				52D6D97D1BEFF229002C0205 /* Products */,
				FC0DFE1D1E94284E00716946 /* Sources */,
				52D6D9971BEFF375002C0205 /* ColorsTests.swift */,
				FC78A9121EEC7E7D0095DF8C /* README.md */,
			);
			sourceTree = "<group>";
		};
		52D6D97D1BEFF229002C0205 /* Products */ = {
			isa = PBXGroup;
			children = (
				52D6D97C1BEFF229002C0205 /* Colors.framework */,
				52D6D9861BEFF229002C0205 /* Colors-iOS Tests.xctest */,
				52D6D9E21BEFFF6E002C0205 /* Colors.framework */,
				52D6D9F01BEFFFBE002C0205 /* Colors.framework */,
				52D6DA0F1BF000BD002C0205 /* Colors.framework */,
				DD75027A1C68FCFC006590AF /* Colors-macOS Tests.xctest */,
				DD75028D1C690C7A006590AF /* Colors-tvOS Tests.xctest */,
			);
			name = Products;
			sourceTree = "<group>";
		};
		52D6D99C1BEFF38C002C0205 /* Configs */ = {
			isa = PBXGroup;
			children = (
				DD7502721C68FC1B006590AF /* Frameworks */,
				DD7502731C68FC20006590AF /* Tests */,
			);
			path = Configs;
			sourceTree = "<group>";
		};
		DD7502721C68FC1B006590AF /* Frameworks */ = {
			isa = PBXGroup;
			children = (
				AD2FAA261CD0B6D800659CF4 /* Colors.plist */,
			);
			path = Frameworks;
			sourceTree = "<group>";
		};
		DD7502731C68FC20006590AF /* Tests */ = {
			isa = PBXGroup;
			children = (
				AD2FAA281CD0B6E100659CF4 /* ColorsTests.plist */,
			);
			path = Tests;
			sourceTree = "<group>";
		};
		FC0DFE1D1E94284E00716946 /* Sources */ = {
			isa = PBXGroup;
			children = (
				FC1D354F1E9D36B0007D31CE /* Array+Color.swift */,
				52D6D9961BEFF375002C0205 /* Color.swift */,
				FC1D353F1E9D3624007D31CE /* Color+Adjustment.swift */,
				FC6B95D71EC07AE600E0B30B /* Color+Conversion.swift */,
				FCCA8C201EEB28F2003D18F6 /* Color+CustomReflectable.swift */,
				FC1D356F1E9D391E007D31CE /* Color+Gradient.swift */,
				FC1D35671E9D3737007D31CE /* Color+NSColor.swift */,
				FC81F4C41E9D14A400199604 /* Color+Operators.swift */,
				FC1D355F1E9D372A007D31CE /* Color+UIColor.swift */,
				FC1D35471E9D369D007D31CE /* Color+View.swift */,
				FC6B95CF1EC0791600E0B30B /* ColorSpace.swift */,
				FC1D35571E9D3701007D31CE /* ColorView.swift */,
				FC6B961A1EC1F18300E0B30B /* FloatingPoint+Units.swift */,
				FCBB686D1E9D095B000F4E94 /* Math.swift */,
				FC6B95E91EC0DC1000E0B30B /* Named */,
				FC81F4D41E9D236600199604 /* Types.swift */,
			);
			path = Sources;
			sourceTree = "<group>";
		};
		FC6B95E91EC0DC1000E0B30B /* Named */ = {
			isa = PBXGroup;
			children = (
				FC6B95EA1EC0DC1000E0B30B /* Color+Named.swift */,
				FC6B95EB1EC0DC1000E0B30B /* Color+Resene.swift */,
				FC6B95EC1EC0DC1000E0B30B /* Colors+CGA.swift */,
				FC6B95ED1EC0DC1000E0B30B /* Colors+W3C.swift */,
				FC6B95EE1EC0DC1000E0B30B /* Colors+X11.swift */,
				FC6B96121EC0E96800E0B30B /* Color+XKCD.swift */,
			);
			path = Named;
			sourceTree = "<group>";
		};
/* End PBXGroup section */

/* Begin PBXHeadersBuildPhase section */
		52D6D9791BEFF229002C0205 /* Headers */ = {
			isa = PBXHeadersBuildPhase;
			buildActionMask = 2147483647;
			files = (
			);
			runOnlyForDeploymentPostprocessing = 0;
		};
		52D6D9DF1BEFFF6E002C0205 /* Headers */ = {
			isa = PBXHeadersBuildPhase;
			buildActionMask = 2147483647;
			files = (
			);
			runOnlyForDeploymentPostprocessing = 0;
		};
		52D6D9ED1BEFFFBE002C0205 /* Headers */ = {
			isa = PBXHeadersBuildPhase;
			buildActionMask = 2147483647;
			files = (
			);
			runOnlyForDeploymentPostprocessing = 0;
		};
		52D6DA0C1BF000BD002C0205 /* Headers */ = {
			isa = PBXHeadersBuildPhase;
			buildActionMask = 2147483647;
			files = (
			);
			runOnlyForDeploymentPostprocessing = 0;
		};
/* End PBXHeadersBuildPhase section */

/* Begin PBXNativeTarget section */
		52D6D97B1BEFF229002C0205 /* Colors-iOS */ = {
			isa = PBXNativeTarget;
			buildConfigurationList = 52D6D9901BEFF229002C0205 /* Build configuration list for PBXNativeTarget "Colors-iOS" */;
			buildPhases = (
				52D6D9771BEFF229002C0205 /* Sources */,
				52D6D9781BEFF229002C0205 /* Frameworks */,
				52D6D9791BEFF229002C0205 /* Headers */,
				52D6D97A1BEFF229002C0205 /* Resources */,
			);
			buildRules = (
			);
			dependencies = (
			);
			name = "Colors-iOS";
			productName = Colors;
			productReference = 52D6D97C1BEFF229002C0205 /* Colors.framework */;
			productType = "com.apple.product-type.framework";
		};
		52D6D9851BEFF229002C0205 /* Colors-iOS Tests */ = {
			isa = PBXNativeTarget;
			buildConfigurationList = 52D6D9931BEFF229002C0205 /* Build configuration list for PBXNativeTarget "Colors-iOS Tests" */;
			buildPhases = (
				52D6D9821BEFF229002C0205 /* Sources */,
				52D6D9831BEFF229002C0205 /* Frameworks */,
				52D6D9841BEFF229002C0205 /* Resources */,
			);
			buildRules = (
			);
			dependencies = (
				52D6D9891BEFF229002C0205 /* PBXTargetDependency */,
			);
			name = "Colors-iOS Tests";
			productName = ColorsTests;
			productReference = 52D6D9861BEFF229002C0205 /* Colors-iOS Tests.xctest */;
			productType = "com.apple.product-type.bundle.unit-test";
		};
		52D6D9E11BEFFF6E002C0205 /* Colors-watchOS */ = {
			isa = PBXNativeTarget;
			buildConfigurationList = 52D6D9E71BEFFF6E002C0205 /* Build configuration list for PBXNativeTarget "Colors-watchOS" */;
			buildPhases = (
				52D6D9DD1BEFFF6E002C0205 /* Sources */,
				52D6D9DE1BEFFF6E002C0205 /* Frameworks */,
				52D6D9DF1BEFFF6E002C0205 /* Headers */,
				52D6D9E01BEFFF6E002C0205 /* Resources */,
			);
			buildRules = (
			);
			dependencies = (
			);
			name = "Colors-watchOS";
			productName = "Colors-watchOS";
			productReference = 52D6D9E21BEFFF6E002C0205 /* Colors.framework */;
			productType = "com.apple.product-type.framework";
		};
		52D6D9EF1BEFFFBE002C0205 /* Colors-tvOS */ = {
			isa = PBXNativeTarget;
			buildConfigurationList = 52D6DA011BEFFFBE002C0205 /* Build configuration list for PBXNativeTarget "Colors-tvOS" */;
			buildPhases = (
				52D6D9EB1BEFFFBE002C0205 /* Sources */,
				52D6D9EC1BEFFFBE002C0205 /* Frameworks */,
				52D6D9ED1BEFFFBE002C0205 /* Headers */,
				52D6D9EE1BEFFFBE002C0205 /* Resources */,
			);
			buildRules = (
			);
			dependencies = (
			);
			name = "Colors-tvOS";
			productName = "Colors-tvOS";
			productReference = 52D6D9F01BEFFFBE002C0205 /* Colors.framework */;
			productType = "com.apple.product-type.framework";
		};
		52D6DA0E1BF000BD002C0205 /* Colors-macOS */ = {
			isa = PBXNativeTarget;
			buildConfigurationList = 52D6DA201BF000BD002C0205 /* Build configuration list for PBXNativeTarget "Colors-macOS" */;
			buildPhases = (
				52D6DA0A1BF000BD002C0205 /* Sources */,
				52D6DA0B1BF000BD002C0205 /* Frameworks */,
				52D6DA0C1BF000BD002C0205 /* Headers */,
				52D6DA0D1BF000BD002C0205 /* Resources */,
			);
			buildRules = (
			);
			dependencies = (
			);
			name = "Colors-macOS";
			productName = "Colors-macOS";
			productReference = 52D6DA0F1BF000BD002C0205 /* Colors.framework */;
			productType = "com.apple.product-type.framework";
		};
		DD7502791C68FCFC006590AF /* Colors-macOS Tests */ = {
			isa = PBXNativeTarget;
			buildConfigurationList = DD7502821C68FCFC006590AF /* Build configuration list for PBXNativeTarget "Colors-macOS Tests" */;
			buildPhases = (
				DD7502761C68FCFC006590AF /* Sources */,
				DD7502771C68FCFC006590AF /* Frameworks */,
				DD7502781C68FCFC006590AF /* Resources */,
			);
			buildRules = (
			);
			dependencies = (
				DD7502811C68FCFC006590AF /* PBXTargetDependency */,
			);
			name = "Colors-macOS Tests";
			productName = "Colors-OS Tests";
			productReference = DD75027A1C68FCFC006590AF /* Colors-macOS Tests.xctest */;
			productType = "com.apple.product-type.bundle.unit-test";
		};
		DD75028C1C690C7A006590AF /* Colors-tvOS Tests */ = {
			isa = PBXNativeTarget;
			buildConfigurationList = DD7502951C690C7A006590AF /* Build configuration list for PBXNativeTarget "Colors-tvOS Tests" */;
			buildPhases = (
				DD7502891C690C7A006590AF /* Sources */,
				DD75028A1C690C7A006590AF /* Frameworks */,
				DD75028B1C690C7A006590AF /* Resources */,
			);
			buildRules = (
			);
			dependencies = (
				DD7502941C690C7A006590AF /* PBXTargetDependency */,
			);
			name = "Colors-tvOS Tests";
			productName = "Colors-tvOS Tests";
			productReference = DD75028D1C690C7A006590AF /* Colors-tvOS Tests.xctest */;
			productType = "com.apple.product-type.bundle.unit-test";
		};
/* End PBXNativeTarget section */

/* Begin PBXProject section */
		52D6D9731BEFF229002C0205 /* Project object */ = {
			isa = PBXProject;
			attributes = {
				LastSwiftUpdateCheck = 0720;
				LastUpgradeCheck = 1000;
				ORGANIZATIONNAME = Colors;
				TargetAttributes = {
					52D6D97B1BEFF229002C0205 = {
						CreatedOnToolsVersion = 7.1;
						LastSwiftMigration = 0900;
					};
					52D6D9851BEFF229002C0205 = {
						CreatedOnToolsVersion = 7.1;
						LastSwiftMigration = 0900;
					};
					52D6D9E11BEFFF6E002C0205 = {
						CreatedOnToolsVersion = 7.1;
						LastSwiftMigration = 0800;
					};
					52D6D9EF1BEFFFBE002C0205 = {
						CreatedOnToolsVersion = 7.1;
						LastSwiftMigration = 0800;
					};
					52D6DA0E1BF000BD002C0205 = {
						CreatedOnToolsVersion = 7.1;
						LastSwiftMigration = 0900;
					};
					DD7502791C68FCFC006590AF = {
						CreatedOnToolsVersion = 7.2.1;
						LastSwiftMigration = 0900;
					};
					DD75028C1C690C7A006590AF = {
						CreatedOnToolsVersion = 7.2.1;
						LastSwiftMigration = 0800;
					};
				};
			};
			buildConfigurationList = 52D6D9761BEFF229002C0205 /* Build configuration list for PBXProject "Colors" */;
			compatibilityVersion = "Xcode 6.3";
			developmentRegion = English;
			hasScannedForEncodings = 0;
			knownRegions = (
				en,
			);
			mainGroup = 52D6D9721BEFF229002C0205;
			productRefGroup = 52D6D97D1BEFF229002C0205 /* Products */;
			projectDirPath = "";
			projectRoot = "";
			targets = (
				52D6D97B1BEFF229002C0205 /* Colors-iOS */,
				52D6DA0E1BF000BD002C0205 /* Colors-macOS */,
				52D6D9E11BEFFF6E002C0205 /* Colors-watchOS */,
				52D6D9EF1BEFFFBE002C0205 /* Colors-tvOS */,
				52D6D9851BEFF229002C0205 /* Colors-iOS Tests */,
				DD7502791C68FCFC006590AF /* Colors-macOS Tests */,
				DD75028C1C690C7A006590AF /* Colors-tvOS Tests */,
			);
		};
/* End PBXProject section */

/* Begin PBXResourcesBuildPhase section */
		52D6D97A1BEFF229002C0205 /* Resources */ = {
			isa = PBXResourcesBuildPhase;
			buildActionMask = 2147483647;
			files = (
			);
			runOnlyForDeploymentPostprocessing = 0;
		};
		52D6D9841BEFF229002C0205 /* Resources */ = {
			isa = PBXResourcesBuildPhase;
			buildActionMask = 2147483647;
			files = (
			);
			runOnlyForDeploymentPostprocessing = 0;
		};
		52D6D9E01BEFFF6E002C0205 /* Resources */ = {
			isa = PBXResourcesBuildPhase;
			buildActionMask = 2147483647;
			files = (
			);
			runOnlyForDeploymentPostprocessing = 0;
		};
		52D6D9EE1BEFFFBE002C0205 /* Resources */ = {
			isa = PBXResourcesBuildPhase;
			buildActionMask = 2147483647;
			files = (
			);
			runOnlyForDeploymentPostprocessing = 0;
		};
		52D6DA0D1BF000BD002C0205 /* Resources */ = {
			isa = PBXResourcesBuildPhase;
			buildActionMask = 2147483647;
			files = (
			);
			runOnlyForDeploymentPostprocessing = 0;
		};
		DD7502781C68FCFC006590AF /* Resources */ = {
			isa = PBXResourcesBuildPhase;
			buildActionMask = 2147483647;
			files = (
			);
			runOnlyForDeploymentPostprocessing = 0;
		};
		DD75028B1C690C7A006590AF /* Resources */ = {
			isa = PBXResourcesBuildPhase;
			buildActionMask = 2147483647;
			files = (
			);
			runOnlyForDeploymentPostprocessing = 0;
		};
/* End PBXResourcesBuildPhase section */

/* Begin PBXSourcesBuildPhase section */
		52D6D9771BEFF229002C0205 /* Sources */ = {
			isa = PBXSourcesBuildPhase;
			buildActionMask = 2147483647;
			files = (
				FC6B961B1EC1F18300E0B30B /* FloatingPoint+Units.swift in Sources */,
				FC1D35401E9D3624007D31CE /* Color+Adjustment.swift in Sources */,
				FCCA8C211EEB28F2003D18F6 /* Color+CustomReflectable.swift in Sources */,
				FC81F4C51E9D14A400199604 /* Color+Operators.swift in Sources */,
				52D6D9981BEFF375002C0205 /* Color.swift in Sources */,
				FC6B95FD1EC0DC1000E0B30B /* Colors+CGA.swift in Sources */,
				FC1D35601E9D372A007D31CE /* Color+UIColor.swift in Sources */,
				FCBB686E1E9D095B000F4E94 /* Math.swift in Sources */,
				FC81F4D51E9D236600199604 /* Types.swift in Sources */,
				FC1D35501E9D36B0007D31CE /* Array+Color.swift in Sources */,
				FC1D35581E9D3701007D31CE /* ColorView.swift in Sources */,
				FC1D35681E9D3737007D31CE /* Color+NSColor.swift in Sources */,
				FC6B95EF1EC0DC1000E0B30B /* Color+Named.swift in Sources */,
				FC6B95D81EC07AE600E0B30B /* Color+Conversion.swift in Sources */,
				FC1D35481E9D369D007D31CE /* Color+View.swift in Sources */,
				FC6B95D01EC0791600E0B30B /* ColorSpace.swift in Sources */,
				FC6B960B1EC0DC1000E0B30B /* Colors+X11.swift in Sources */,
				FC1D35701E9D391E007D31CE /* Color+Gradient.swift in Sources */,
				FC6B96131EC0E96800E0B30B /* Color+XKCD.swift in Sources */,
				FC6B95F61EC0DC1000E0B30B /* Color+Resene.swift in Sources */,
				FC6B96041EC0DC1000E0B30B /* Colors+W3C.swift in Sources */,
			);
			runOnlyForDeploymentPostprocessing = 0;
		};
		52D6D9821BEFF229002C0205 /* Sources */ = {
			isa = PBXSourcesBuildPhase;
			buildActionMask = 2147483647;
			files = (
				FC6B96011EC0DC1000E0B30B /* Colors+CGA.swift in Sources */,
				FC1D356C1E9D3737007D31CE /* Color+NSColor.swift in Sources */,
				FC1D354C1E9D369D007D31CE /* Color+View.swift in Sources */,
				FC12C2AA1E9502EC00AC1E7F /* Color.swift in Sources */,
				FC1D35541E9D36B0007D31CE /* Array+Color.swift in Sources */,
				FC6B95D41EC0791600E0B30B /* ColorSpace.swift in Sources */,
				FCCA8C251EEB28F2003D18F6 /* Color+CustomReflectable.swift in Sources */,
				FC6B961F1EC1F18300E0B30B /* FloatingPoint+Units.swift in Sources */,
				FC1D355C1E9D3701007D31CE /* ColorView.swift in Sources */,
				FC6B96081EC0DC1000E0B30B /* Colors+W3C.swift in Sources */,
				FC81F4C91E9D14A400199604 /* Color+Operators.swift in Sources */,
				FC1D35441E9D3624007D31CE /* Color+Adjustment.swift in Sources */,
				FC81F4D91E9D236600199604 /* Types.swift in Sources */,
				FC6B95FA1EC0DC1000E0B30B /* Color+Resene.swift in Sources */,
				FC6B95F31EC0DC1000E0B30B /* Color+Named.swift in Sources */,
				FC6B960F1EC0DC1000E0B30B /* Colors+X11.swift in Sources */,
				52D6D99B1BEFF375002C0205 /* ColorsTests.swift in Sources */,
				FC6B96171EC0E96800E0B30B /* Color+XKCD.swift in Sources */,
				FC6B95DC1EC07AE600E0B30B /* Color+Conversion.swift in Sources */,
				FCBB68721E9D095B000F4E94 /* Math.swift in Sources */,
				FC1D35741E9D391E007D31CE /* Color+Gradient.swift in Sources */,
				FC1D35641E9D372A007D31CE /* Color+UIColor.swift in Sources */,
			);
			runOnlyForDeploymentPostprocessing = 0;
		};
		52D6D9DD1BEFFF6E002C0205 /* Sources */ = {
			isa = PBXSourcesBuildPhase;
			buildActionMask = 2147483647;
			files = (
				FC6B961D1EC1F18300E0B30B /* FloatingPoint+Units.swift in Sources */,
				FC1D35421E9D3624007D31CE /* Color+Adjustment.swift in Sources */,
				FCCA8C231EEB28F2003D18F6 /* Color+CustomReflectable.swift in Sources */,
				FC81F4C71E9D14A400199604 /* Color+Operators.swift in Sources */,
				52D6D9EA1BEFFFA4002C0205 /* Color.swift in Sources */,
				FC6B95FF1EC0DC1000E0B30B /* Colors+CGA.swift in Sources */,
				FC1D35621E9D372A007D31CE /* Color+UIColor.swift in Sources */,
				FCBB68701E9D095B000F4E94 /* Math.swift in Sources */,
				FC81F4D71E9D236600199604 /* Types.swift in Sources */,
				FC1D35521E9D36B0007D31CE /* Array+Color.swift in Sources */,
				FC1D355A1E9D3701007D31CE /* ColorView.swift in Sources */,
				FC1D356A1E9D3737007D31CE /* Color+NSColor.swift in Sources */,
				FC6B95F11EC0DC1000E0B30B /* Color+Named.swift in Sources */,
				FC6B95DA1EC07AE600E0B30B /* Color+Conversion.swift in Sources */,
				FC1D354A1E9D369D007D31CE /* Color+View.swift in Sources */,
				FC6B95D21EC0791600E0B30B /* ColorSpace.swift in Sources */,
				FC6B960D1EC0DC1000E0B30B /* Colors+X11.swift in Sources */,
				FC1D35721E9D391E007D31CE /* Color+Gradient.swift in Sources */,
				FC6B96151EC0E96800E0B30B /* Color+XKCD.swift in Sources */,
				FC6B95F81EC0DC1000E0B30B /* Color+Resene.swift in Sources */,
				FC6B96061EC0DC1000E0B30B /* Colors+W3C.swift in Sources */,
			);
			runOnlyForDeploymentPostprocessing = 0;
		};
		52D6D9EB1BEFFFBE002C0205 /* Sources */ = {
			isa = PBXSourcesBuildPhase;
			buildActionMask = 2147483647;
			files = (
				FC6B961E1EC1F18300E0B30B /* FloatingPoint+Units.swift in Sources */,
				FC1D35431E9D3624007D31CE /* Color+Adjustment.swift in Sources */,
				FCCA8C241EEB28F2003D18F6 /* Color+CustomReflectable.swift in Sources */,
				FC81F4C81E9D14A400199604 /* Color+Operators.swift in Sources */,
				52D6DA091BF00081002C0205 /* Color.swift in Sources */,
				FC6B96001EC0DC1000E0B30B /* Colors+CGA.swift in Sources */,
				FC1D35631E9D372A007D31CE /* Color+UIColor.swift in Sources */,
				FCBB68711E9D095B000F4E94 /* Math.swift in Sources */,
				FC81F4D81E9D236600199604 /* Types.swift in Sources */,
				FC1D35531E9D36B0007D31CE /* Array+Color.swift in Sources */,
				FC1D355B1E9D3701007D31CE /* ColorView.swift in Sources */,
				FC1D356B1E9D3737007D31CE /* Color+NSColor.swift in Sources */,
				FC6B95F21EC0DC1000E0B30B /* Color+Named.swift in Sources */,
				FC6B95DB1EC07AE600E0B30B /* Color+Conversion.swift in Sources */,
				FC1D354B1E9D369D007D31CE /* Color+View.swift in Sources */,
				FC6B95D31EC0791600E0B30B /* ColorSpace.swift in Sources */,
				FC6B960E1EC0DC1000E0B30B /* Colors+X11.swift in Sources */,
				FC1D35731E9D391E007D31CE /* Color+Gradient.swift in Sources */,
				FC6B96161EC0E96800E0B30B /* Color+XKCD.swift in Sources */,
				FC6B95F91EC0DC1000E0B30B /* Color+Resene.swift in Sources */,
				FC6B96071EC0DC1000E0B30B /* Colors+W3C.swift in Sources */,
			);
			runOnlyForDeploymentPostprocessing = 0;
		};
		52D6DA0A1BF000BD002C0205 /* Sources */ = {
			isa = PBXSourcesBuildPhase;
			buildActionMask = 2147483647;
			files = (
				FC6B961C1EC1F18300E0B30B /* FloatingPoint+Units.swift in Sources */,
				FC1D35411E9D3624007D31CE /* Color+Adjustment.swift in Sources */,
				FCCA8C221EEB28F2003D18F6 /* Color+CustomReflectable.swift in Sources */,
				FC81F4C61E9D14A400199604 /* Color+Operators.swift in Sources */,
				52D6DA261BF00118002C0205 /* Color.swift in Sources */,
				FC6B95FE1EC0DC1000E0B30B /* Colors+CGA.swift in Sources */,
				FC1D35611E9D372A007D31CE /* Color+UIColor.swift in Sources */,
				FCBB686F1E9D095B000F4E94 /* Math.swift in Sources */,
				FC81F4D61E9D236600199604 /* Types.swift in Sources */,
				FC1D35511E9D36B0007D31CE /* Array+Color.swift in Sources */,
				FC1D35591E9D3701007D31CE /* ColorView.swift in Sources */,
				FC1D35691E9D3737007D31CE /* Color+NSColor.swift in Sources */,
				FC6B95F01EC0DC1000E0B30B /* Color+Named.swift in Sources */,
				FC6B95D91EC07AE600E0B30B /* Color+Conversion.swift in Sources */,
				FC1D35491E9D369D007D31CE /* Color+View.swift in Sources */,
				FC6B95D11EC0791600E0B30B /* ColorSpace.swift in Sources */,
				FC6B960C1EC0DC1000E0B30B /* Colors+X11.swift in Sources */,
				FC1D35711E9D391E007D31CE /* Color+Gradient.swift in Sources */,
				FC6B96141EC0E96800E0B30B /* Color+XKCD.swift in Sources */,
				FC6B95F71EC0DC1000E0B30B /* Color+Resene.swift in Sources */,
				FC6B96051EC0DC1000E0B30B /* Colors+W3C.swift in Sources */,
			);
			runOnlyForDeploymentPostprocessing = 0;
		};
		DD7502761C68FCFC006590AF /* Sources */ = {
			isa = PBXSourcesBuildPhase;
			buildActionMask = 2147483647;
			files = (
				FC6B96021EC0DC1000E0B30B /* Colors+CGA.swift in Sources */,
				FC1D356D1E9D3737007D31CE /* Color+NSColor.swift in Sources */,
				FC1D354D1E9D369D007D31CE /* Color+View.swift in Sources */,
				DD7502861C68FDDC006590AF /* ColorsTests.swift in Sources */,
				FC1D35551E9D36B0007D31CE /* Array+Color.swift in Sources */,
				FC6B95D51EC0791600E0B30B /* ColorSpace.swift in Sources */,
				FCCA8C261EEB28F2003D18F6 /* Color+CustomReflectable.swift in Sources */,
				FC6B96201EC1F18300E0B30B /* FloatingPoint+Units.swift in Sources */,
				FC1D355D1E9D3701007D31CE /* ColorView.swift in Sources */,
				FC6B96091EC0DC1000E0B30B /* Colors+W3C.swift in Sources */,
				FC81F4CA1E9D14A400199604 /* Color+Operators.swift in Sources */,
				FC1D35451E9D3624007D31CE /* Color+Adjustment.swift in Sources */,
				FC81F4DA1E9D236600199604 /* Types.swift in Sources */,
				FC6B95FB1EC0DC1000E0B30B /* Color+Resene.swift in Sources */,
				FC6B95F41EC0DC1000E0B30B /* Color+Named.swift in Sources */,
				FC6B96101EC0DC1000E0B30B /* Colors+X11.swift in Sources */,
				FC12C2AB1E9502ED00AC1E7F /* Color.swift in Sources */,
				FC6B96181EC0E96800E0B30B /* Color+XKCD.swift in Sources */,
				FC6B95DD1EC07AE600E0B30B /* Color+Conversion.swift in Sources */,
				FCBB68731E9D095B000F4E94 /* Math.swift in Sources */,
				FC1D35751E9D391E007D31CE /* Color+Gradient.swift in Sources */,
				FC1D35651E9D372A007D31CE /* Color+UIColor.swift in Sources */,
			);
			runOnlyForDeploymentPostprocessing = 0;
		};
		DD7502891C690C7A006590AF /* Sources */ = {
			isa = PBXSourcesBuildPhase;
			buildActionMask = 2147483647;
			files = (
				FC6B96031EC0DC1000E0B30B /* Colors+CGA.swift in Sources */,
				FC1D356E1E9D3737007D31CE /* Color+NSColor.swift in Sources */,
				FC1D354E1E9D369D007D31CE /* Color+View.swift in Sources */,
				FC12C2AC1E9502EE00AC1E7F /* Color.swift in Sources */,
				FC1D35561E9D36B0007D31CE /* Array+Color.swift in Sources */,
				FC6B95D61EC0791600E0B30B /* ColorSpace.swift in Sources */,
				FCCA8C271EEB28F2003D18F6 /* Color+CustomReflectable.swift in Sources */,
				FC6B96211EC1F18300E0B30B /* FloatingPoint+Units.swift in Sources */,
				FC1D355E1E9D3701007D31CE /* ColorView.swift in Sources */,
				FC6B960A1EC0DC1000E0B30B /* Colors+W3C.swift in Sources */,
				FC81F4CB1E9D14A400199604 /* Color+Operators.swift in Sources */,
				FC1D35461E9D3624007D31CE /* Color+Adjustment.swift in Sources */,
				FC81F4DB1E9D236600199604 /* Types.swift in Sources */,
				FC6B95FC1EC0DC1000E0B30B /* Color+Resene.swift in Sources */,
				FC6B95F51EC0DC1000E0B30B /* Color+Named.swift in Sources */,
				FC6B96111EC0DC1000E0B30B /* Colors+X11.swift in Sources */,
				DD75029A1C690CBE006590AF /* ColorsTests.swift in Sources */,
				FC6B96191EC0E96800E0B30B /* Color+XKCD.swift in Sources */,
				FC6B95DE1EC07AE600E0B30B /* Color+Conversion.swift in Sources */,
				FCBB68741E9D095B000F4E94 /* Math.swift in Sources */,
				FC1D35761E9D391E007D31CE /* Color+Gradient.swift in Sources */,
				FC1D35661E9D372A007D31CE /* Color+UIColor.swift in Sources */,
			);
			runOnlyForDeploymentPostprocessing = 0;
		};
/* End PBXSourcesBuildPhase section */

/* Begin PBXTargetDependency section */
		52D6D9891BEFF229002C0205 /* PBXTargetDependency */ = {
			isa = PBXTargetDependency;
			target = 52D6D97B1BEFF229002C0205 /* Colors-iOS */;
			targetProxy = 52D6D9881BEFF229002C0205 /* PBXContainerItemProxy */;
		};
		DD7502811C68FCFC006590AF /* PBXTargetDependency */ = {
			isa = PBXTargetDependency;
			target = 52D6DA0E1BF000BD002C0205 /* Colors-macOS */;
			targetProxy = DD7502801C68FCFC006590AF /* PBXContainerItemProxy */;
		};
		DD7502941C690C7A006590AF /* PBXTargetDependency */ = {
			isa = PBXTargetDependency;
			target = 52D6D9EF1BEFFFBE002C0205 /* Colors-tvOS */;
			targetProxy = DD7502931C690C7A006590AF /* PBXContainerItemProxy */;
		};
/* End PBXTargetDependency section */

/* Begin XCBuildConfiguration section */
		52D6D98E1BEFF229002C0205 /* Debug */ = {
			isa = XCBuildConfiguration;
			buildSettings = {
				ALWAYS_SEARCH_USER_PATHS = NO;
				CLANG_CXX_LANGUAGE_STANDARD = "gnu++0x";
				CLANG_CXX_LIBRARY = "libc++";
				CLANG_ENABLE_MODULES = YES;
				CLANG_ENABLE_OBJC_ARC = YES;
				CLANG_WARN_BLOCK_CAPTURE_AUTORELEASING = YES;
				CLANG_WARN_BOOL_CONVERSION = YES;
				CLANG_WARN_COMMA = YES;
				CLANG_WARN_CONSTANT_CONVERSION = YES;
				CLANG_WARN_DEPRECATED_OBJC_IMPLEMENTATIONS = YES;
				CLANG_WARN_DIRECT_OBJC_ISA_USAGE = YES_ERROR;
				CLANG_WARN_EMPTY_BODY = YES;
				CLANG_WARN_ENUM_CONVERSION = YES;
				CLANG_WARN_INFINITE_RECURSION = YES;
				CLANG_WARN_INT_CONVERSION = YES;
				CLANG_WARN_NON_LITERAL_NULL_CONVERSION = YES;
				CLANG_WARN_OBJC_IMPLICIT_RETAIN_SELF = YES;
				CLANG_WARN_OBJC_LITERAL_CONVERSION = YES;
				CLANG_WARN_OBJC_ROOT_CLASS = YES_ERROR;
				CLANG_WARN_RANGE_LOOP_ANALYSIS = YES;
				CLANG_WARN_STRICT_PROTOTYPES = YES;
				CLANG_WARN_SUSPICIOUS_MOVE = YES;
				CLANG_WARN_UNREACHABLE_CODE = YES;
				CLANG_WARN__DUPLICATE_METHOD_MATCH = YES;
				"CODE_SIGN_IDENTITY[sdk=iphoneos*]" = "iPhone Developer";
				COPY_PHASE_STRIP = NO;
				CURRENT_PROJECT_VERSION = 1;
				DEBUG_INFORMATION_FORMAT = dwarf;
				ENABLE_STRICT_OBJC_MSGSEND = YES;
				ENABLE_TESTABILITY = YES;
				GCC_C_LANGUAGE_STANDARD = gnu99;
				GCC_DYNAMIC_NO_PIC = NO;
				GCC_NO_COMMON_BLOCKS = YES;
				GCC_OPTIMIZATION_LEVEL = 0;
				GCC_PREPROCESSOR_DEFINITIONS = (
					"DEBUG=1",
					"$(inherited)",
				);
				GCC_WARN_64_TO_32_BIT_CONVERSION = YES;
				GCC_WARN_ABOUT_RETURN_TYPE = YES_ERROR;
				GCC_WARN_UNDECLARED_SELECTOR = YES;
				GCC_WARN_UNINITIALIZED_AUTOS = YES_AGGRESSIVE;
				GCC_WARN_UNUSED_FUNCTION = YES;
				GCC_WARN_UNUSED_VARIABLE = YES;
				IPHONEOS_DEPLOYMENT_TARGET = 8.0;
				MTL_ENABLE_DEBUG_INFO = YES;
				ONLY_ACTIVE_ARCH = YES;
				SDKROOT = iphoneos;
				SWIFT_OPTIMIZATION_LEVEL = "-Onone";
				SWIFT_SWIFT3_OBJC_INFERENCE = Off;
				SWIFT_VERSION = 3.0;
				TARGETED_DEVICE_FAMILY = "1,2";
				VERSIONING_SYSTEM = "apple-generic";
				VERSION_INFO_PREFIX = "";
			};
			name = Debug;
		};
		52D6D98F1BEFF229002C0205 /* Release */ = {
			isa = XCBuildConfiguration;
			buildSettings = {
				ALWAYS_SEARCH_USER_PATHS = NO;
				CLANG_CXX_LANGUAGE_STANDARD = "gnu++0x";
				CLANG_CXX_LIBRARY = "libc++";
				CLANG_ENABLE_MODULES = YES;
				CLANG_ENABLE_OBJC_ARC = YES;
				CLANG_WARN_BLOCK_CAPTURE_AUTORELEASING = YES;
				CLANG_WARN_BOOL_CONVERSION = YES;
				CLANG_WARN_COMMA = YES;
				CLANG_WARN_CONSTANT_CONVERSION = YES;
				CLANG_WARN_DEPRECATED_OBJC_IMPLEMENTATIONS = YES;
				CLANG_WARN_DIRECT_OBJC_ISA_USAGE = YES_ERROR;
				CLANG_WARN_EMPTY_BODY = YES;
				CLANG_WARN_ENUM_CONVERSION = YES;
				CLANG_WARN_INFINITE_RECURSION = YES;
				CLANG_WARN_INT_CONVERSION = YES;
				CLANG_WARN_NON_LITERAL_NULL_CONVERSION = YES;
				CLANG_WARN_OBJC_IMPLICIT_RETAIN_SELF = YES;
				CLANG_WARN_OBJC_LITERAL_CONVERSION = YES;
				CLANG_WARN_OBJC_ROOT_CLASS = YES_ERROR;
				CLANG_WARN_RANGE_LOOP_ANALYSIS = YES;
				CLANG_WARN_STRICT_PROTOTYPES = YES;
				CLANG_WARN_SUSPICIOUS_MOVE = YES;
				CLANG_WARN_UNREACHABLE_CODE = YES;
				CLANG_WARN__DUPLICATE_METHOD_MATCH = YES;
				"CODE_SIGN_IDENTITY[sdk=iphoneos*]" = "iPhone Developer";
				COPY_PHASE_STRIP = NO;
				CURRENT_PROJECT_VERSION = 1;
				DEBUG_INFORMATION_FORMAT = "dwarf-with-dsym";
				ENABLE_NS_ASSERTIONS = NO;
				ENABLE_STRICT_OBJC_MSGSEND = YES;
				GCC_C_LANGUAGE_STANDARD = gnu99;
				GCC_NO_COMMON_BLOCKS = YES;
				GCC_WARN_64_TO_32_BIT_CONVERSION = YES;
				GCC_WARN_ABOUT_RETURN_TYPE = YES_ERROR;
				GCC_WARN_UNDECLARED_SELECTOR = YES;
				GCC_WARN_UNINITIALIZED_AUTOS = YES_AGGRESSIVE;
				GCC_WARN_UNUSED_FUNCTION = YES;
				GCC_WARN_UNUSED_VARIABLE = YES;
				IPHONEOS_DEPLOYMENT_TARGET = 8.0;
				MTL_ENABLE_DEBUG_INFO = NO;
				SDKROOT = iphoneos;
				SWIFT_SWIFT3_OBJC_INFERENCE = Off;
				SWIFT_VERSION = 3.0;
				TARGETED_DEVICE_FAMILY = "1,2";
				VALIDATE_PRODUCT = YES;
				VERSIONING_SYSTEM = "apple-generic";
				VERSION_INFO_PREFIX = "";
			};
			name = Release;
		};
		52D6D9911BEFF229002C0205 /* Debug */ = {
			isa = XCBuildConfiguration;
			buildSettings = {
				APPLICATION_EXTENSION_API_ONLY = YES;
				CLANG_ENABLE_MODULES = YES;
				"CODE_SIGN_IDENTITY[sdk=iphoneos*]" = "";
				DEFINES_MODULE = YES;
				DYLIB_COMPATIBILITY_VERSION = 1;
				DYLIB_CURRENT_VERSION = 1;
				DYLIB_INSTALL_NAME_BASE = "@rpath";
				INFOPLIST_FILE = Configs/Frameworks/Colors.plist;
				INSTALL_PATH = "$(LOCAL_LIBRARY_DIR)/Frameworks";
				IPHONEOS_DEPLOYMENT_TARGET = 8.0;
				LD_RUNPATH_SEARCH_PATHS = "$(inherited) @executable_path/Frameworks @loader_path/Frameworks";
				ONLY_ACTIVE_ARCH = NO;
				PRODUCT_BUNDLE_IDENTIFIER = "com.Colors.Colors-iOS";
				PRODUCT_NAME = Colors;
				SKIP_INSTALL = YES;
				SWIFT_OPTIMIZATION_LEVEL = "-Onone";
				SWIFT_SWIFT3_OBJC_INFERENCE = Default;
				SWIFT_VERSION = 4.2;
			};
			name = Debug;
		};
		52D6D9921BEFF229002C0205 /* Release */ = {
			isa = XCBuildConfiguration;
			buildSettings = {
				APPLICATION_EXTENSION_API_ONLY = YES;
				CLANG_ENABLE_MODULES = YES;
				"CODE_SIGN_IDENTITY[sdk=iphoneos*]" = "";
				DEFINES_MODULE = YES;
				DYLIB_COMPATIBILITY_VERSION = 1;
				DYLIB_CURRENT_VERSION = 1;
				DYLIB_INSTALL_NAME_BASE = "@rpath";
				INFOPLIST_FILE = Configs/Frameworks/Colors.plist;
				INSTALL_PATH = "$(LOCAL_LIBRARY_DIR)/Frameworks";
				IPHONEOS_DEPLOYMENT_TARGET = 8.0;
				LD_RUNPATH_SEARCH_PATHS = "$(inherited) @executable_path/Frameworks @loader_path/Frameworks";
				PRODUCT_BUNDLE_IDENTIFIER = "com.Colors.Colors-iOS";
				PRODUCT_NAME = Colors;
				SKIP_INSTALL = YES;
				SWIFT_OPTIMIZATION_LEVEL = "-Owholemodule";
				SWIFT_SWIFT3_OBJC_INFERENCE = Default;
				SWIFT_VERSION = 4.2;
			};
			name = Release;
		};
		52D6D9941BEFF229002C0205 /* Debug */ = {
			isa = XCBuildConfiguration;
			buildSettings = {
				CLANG_ENABLE_MODULES = YES;
				INFOPLIST_FILE = Configs/Tests/ColorsTests.plist;
				LD_RUNPATH_SEARCH_PATHS = "$(inherited) @executable_path/Frameworks @loader_path/Frameworks";
				PRODUCT_BUNDLE_IDENTIFIER = "com.Colors.Colors-iOS-Tests";
				PRODUCT_NAME = "$(TARGET_NAME)";
				SWIFT_OPTIMIZATION_LEVEL = "-Onone";
				SWIFT_SWIFT3_OBJC_INFERENCE = Default;
				SWIFT_VERSION = 4.2;
			};
			name = Debug;
		};
		52D6D9951BEFF229002C0205 /* Release */ = {
			isa = XCBuildConfiguration;
			buildSettings = {
				CLANG_ENABLE_MODULES = YES;
				INFOPLIST_FILE = Configs/Tests/ColorsTests.plist;
				LD_RUNPATH_SEARCH_PATHS = "$(inherited) @executable_path/Frameworks @loader_path/Frameworks";
				PRODUCT_BUNDLE_IDENTIFIER = "com.Colors.Colors-iOS-Tests";
				PRODUCT_NAME = "$(TARGET_NAME)";
				SWIFT_OPTIMIZATION_LEVEL = "-Owholemodule";
				SWIFT_SWIFT3_OBJC_INFERENCE = Default;
				SWIFT_VERSION = 4.2;
			};
			name = Release;
		};
		52D6D9E81BEFFF6E002C0205 /* Debug */ = {
			isa = XCBuildConfiguration;
			buildSettings = {
				APPLICATION_EXTENSION_API_ONLY = YES;
				"CODE_SIGN_IDENTITY[sdk=watchos*]" = "";
				DEFINES_MODULE = YES;
				DYLIB_COMPATIBILITY_VERSION = 1;
				DYLIB_CURRENT_VERSION = 1;
				DYLIB_INSTALL_NAME_BASE = "@rpath";
				INFOPLIST_FILE = Configs/Frameworks/Colors.plist;
				INSTALL_PATH = "$(LOCAL_LIBRARY_DIR)/Frameworks";
				LD_RUNPATH_SEARCH_PATHS = "$(inherited) @executable_path/Frameworks @loader_path/Frameworks";
				PRODUCT_BUNDLE_IDENTIFIER = "com.Colors.Colors-watchOS";
				PRODUCT_NAME = Colors;
				SDKROOT = watchos;
				SKIP_INSTALL = YES;
				SWIFT_SWIFT3_OBJC_INFERENCE = Default;
				SWIFT_VERSION = 4.2;
				TARGETED_DEVICE_FAMILY = 4;
				WATCHOS_DEPLOYMENT_TARGET = 2.0;
			};
			name = Debug;
		};
		52D6D9E91BEFFF6E002C0205 /* Release */ = {
			isa = XCBuildConfiguration;
			buildSettings = {
				APPLICATION_EXTENSION_API_ONLY = YES;
				"CODE_SIGN_IDENTITY[sdk=watchos*]" = "";
				DEFINES_MODULE = YES;
				DYLIB_COMPATIBILITY_VERSION = 1;
				DYLIB_CURRENT_VERSION = 1;
				DYLIB_INSTALL_NAME_BASE = "@rpath";
				INFOPLIST_FILE = Configs/Frameworks/Colors.plist;
				INSTALL_PATH = "$(LOCAL_LIBRARY_DIR)/Frameworks";
				LD_RUNPATH_SEARCH_PATHS = "$(inherited) @executable_path/Frameworks @loader_path/Frameworks";
				PRODUCT_BUNDLE_IDENTIFIER = "com.Colors.Colors-watchOS";
				PRODUCT_NAME = Colors;
				SDKROOT = watchos;
				SKIP_INSTALL = YES;
				SWIFT_OPTIMIZATION_LEVEL = "-Owholemodule";
				SWIFT_SWIFT3_OBJC_INFERENCE = Default;
				SWIFT_VERSION = 4.2;
				TARGETED_DEVICE_FAMILY = 4;
				WATCHOS_DEPLOYMENT_TARGET = 2.0;
			};
			name = Release;
		};
		52D6DA021BEFFFBE002C0205 /* Debug */ = {
			isa = XCBuildConfiguration;
			buildSettings = {
				APPLICATION_EXTENSION_API_ONLY = YES;
				"CODE_SIGN_IDENTITY[sdk=appletvos*]" = "";
				DEFINES_MODULE = YES;
				DYLIB_COMPATIBILITY_VERSION = 1;
				DYLIB_CURRENT_VERSION = 1;
				DYLIB_INSTALL_NAME_BASE = "@rpath";
				INFOPLIST_FILE = Configs/Frameworks/Colors.plist;
				INSTALL_PATH = "$(LOCAL_LIBRARY_DIR)/Frameworks";
				LD_RUNPATH_SEARCH_PATHS = "$(inherited) @executable_path/Frameworks @loader_path/Frameworks";
				PRODUCT_BUNDLE_IDENTIFIER = "com.Colors.Colors-tvOS";
				PRODUCT_NAME = Colors;
				SDKROOT = appletvos;
				SKIP_INSTALL = YES;
				SWIFT_SWIFT3_OBJC_INFERENCE = Default;
				SWIFT_VERSION = 4.2;
				TARGETED_DEVICE_FAMILY = 3;
				TVOS_DEPLOYMENT_TARGET = 9.0;
			};
			name = Debug;
		};
		52D6DA031BEFFFBE002C0205 /* Release */ = {
			isa = XCBuildConfiguration;
			buildSettings = {
				APPLICATION_EXTENSION_API_ONLY = YES;
				"CODE_SIGN_IDENTITY[sdk=appletvos*]" = "";
				DEFINES_MODULE = YES;
				DYLIB_COMPATIBILITY_VERSION = 1;
				DYLIB_CURRENT_VERSION = 1;
				DYLIB_INSTALL_NAME_BASE = "@rpath";
				INFOPLIST_FILE = Configs/Frameworks/Colors.plist;
				INSTALL_PATH = "$(LOCAL_LIBRARY_DIR)/Frameworks";
				LD_RUNPATH_SEARCH_PATHS = "$(inherited) @executable_path/Frameworks @loader_path/Frameworks";
				PRODUCT_BUNDLE_IDENTIFIER = "com.Colors.Colors-tvOS";
				PRODUCT_NAME = Colors;
				SDKROOT = appletvos;
				SKIP_INSTALL = YES;
				SWIFT_OPTIMIZATION_LEVEL = "-Owholemodule";
				SWIFT_SWIFT3_OBJC_INFERENCE = Default;
				SWIFT_VERSION = 4.2;
				TARGETED_DEVICE_FAMILY = 3;
				TVOS_DEPLOYMENT_TARGET = 9.0;
			};
			name = Release;
		};
		52D6DA211BF000BD002C0205 /* Debug */ = {
			isa = XCBuildConfiguration;
			buildSettings = {
				APPLICATION_EXTENSION_API_ONLY = YES;
				CODE_SIGN_IDENTITY = "-";
				COMBINE_HIDPI_IMAGES = YES;
				DEFINES_MODULE = YES;
				DYLIB_COMPATIBILITY_VERSION = 1;
				DYLIB_CURRENT_VERSION = 1;
				DYLIB_INSTALL_NAME_BASE = "@rpath";
				FRAMEWORK_VERSION = A;
				INFOPLIST_FILE = Configs/Frameworks/Colors.plist;
				INSTALL_PATH = "$(LOCAL_LIBRARY_DIR)/Frameworks";
				LD_RUNPATH_SEARCH_PATHS = "$(inherited) @executable_path/../Frameworks @loader_path/Frameworks";
				MACOSX_DEPLOYMENT_TARGET = 10.10;
				PRODUCT_BUNDLE_IDENTIFIER = "com.Colors.Colors-macOS";
				PRODUCT_NAME = Colors;
				SDKROOT = macosx;
				SKIP_INSTALL = YES;
				SWIFT_SWIFT3_OBJC_INFERENCE = Default;
				SWIFT_VERSION = 4.2;
			};
			name = Debug;
		};
		52D6DA221BF000BD002C0205 /* Release */ = {
			isa = XCBuildConfiguration;
			buildSettings = {
				APPLICATION_EXTENSION_API_ONLY = YES;
				CODE_SIGN_IDENTITY = "-";
				COMBINE_HIDPI_IMAGES = YES;
				DEFINES_MODULE = YES;
				DYLIB_COMPATIBILITY_VERSION = 1;
				DYLIB_CURRENT_VERSION = 1;
				DYLIB_INSTALL_NAME_BASE = "@rpath";
				FRAMEWORK_VERSION = A;
				INFOPLIST_FILE = Configs/Frameworks/Colors.plist;
				INSTALL_PATH = "$(LOCAL_LIBRARY_DIR)/Frameworks";
				LD_RUNPATH_SEARCH_PATHS = "$(inherited) @executable_path/../Frameworks @loader_path/Frameworks";
				MACOSX_DEPLOYMENT_TARGET = 10.10;
				PRODUCT_BUNDLE_IDENTIFIER = "com.Colors.Colors-macOS";
				PRODUCT_NAME = Colors;
				SDKROOT = macosx;
				SKIP_INSTALL = YES;
				SWIFT_OPTIMIZATION_LEVEL = "-Owholemodule";
				SWIFT_SWIFT3_OBJC_INFERENCE = Default;
				SWIFT_VERSION = 4.2;
			};
			name = Release;
		};
		DD7502831C68FCFC006590AF /* Debug */ = {
			isa = XCBuildConfiguration;
			buildSettings = {
				CODE_SIGN_IDENTITY = "-";
				COMBINE_HIDPI_IMAGES = YES;
				INFOPLIST_FILE = Configs/Tests/ColorsTests.plist;
				LD_RUNPATH_SEARCH_PATHS = "$(inherited) @executable_path/../Frameworks @loader_path/../Frameworks";
				MACOSX_DEPLOYMENT_TARGET = 10.11;
				PRODUCT_BUNDLE_IDENTIFIER = "com.Colors.Colors-macOS-Tests";
				PRODUCT_NAME = "$(TARGET_NAME)";
				SDKROOT = macosx;
				SWIFT_SWIFT3_OBJC_INFERENCE = Default;
				SWIFT_VERSION = 4.2;
			};
			name = Debug;
		};
		DD7502841C68FCFC006590AF /* Release */ = {
			isa = XCBuildConfiguration;
			buildSettings = {
				CODE_SIGN_IDENTITY = "-";
				COMBINE_HIDPI_IMAGES = YES;
				INFOPLIST_FILE = Configs/Tests/ColorsTests.plist;
				LD_RUNPATH_SEARCH_PATHS = "$(inherited) @executable_path/../Frameworks @loader_path/../Frameworks";
				MACOSX_DEPLOYMENT_TARGET = 10.11;
				PRODUCT_BUNDLE_IDENTIFIER = "com.Colors.Colors-macOS-Tests";
				PRODUCT_NAME = "$(TARGET_NAME)";
				SDKROOT = macosx;
				SWIFT_OPTIMIZATION_LEVEL = "-Owholemodule";
				SWIFT_SWIFT3_OBJC_INFERENCE = Default;
				SWIFT_VERSION = 4.2;
			};
			name = Release;
		};
		DD7502961C690C7A006590AF /* Debug */ = {
			isa = XCBuildConfiguration;
			buildSettings = {
				INFOPLIST_FILE = Configs/Tests/ColorsTests.plist;
				LD_RUNPATH_SEARCH_PATHS = "$(inherited) @executable_path/Frameworks @loader_path/Frameworks";
				PRODUCT_BUNDLE_IDENTIFIER = "com.Colors.Colors-tvOS-Tests";
				PRODUCT_NAME = "$(TARGET_NAME)";
				SDKROOT = appletvos;
				SWIFT_SWIFT3_OBJC_INFERENCE = Default;
				SWIFT_VERSION = 4.2;
				TVOS_DEPLOYMENT_TARGET = 9.1;
			};
			name = Debug;
		};
		DD7502971C690C7A006590AF /* Release */ = {
			isa = XCBuildConfiguration;
			buildSettings = {
				INFOPLIST_FILE = Configs/Tests/ColorsTests.plist;
				LD_RUNPATH_SEARCH_PATHS = "$(inherited) @executable_path/Frameworks @loader_path/Frameworks";
				PRODUCT_BUNDLE_IDENTIFIER = "com.Colors.Colors-tvOS-Tests";
				PRODUCT_NAME = "$(TARGET_NAME)";
				SDKROOT = appletvos;
				SWIFT_OPTIMIZATION_LEVEL = "-Owholemodule";
				SWIFT_SWIFT3_OBJC_INFERENCE = Default;
				SWIFT_VERSION = 4.2;
				TVOS_DEPLOYMENT_TARGET = 9.1;
			};
			name = Release;
		};
/* End XCBuildConfiguration section */

/* Begin XCConfigurationList section */
		52D6D9761BEFF229002C0205 /* Build configuration list for PBXProject "Colors" */ = {
			isa = XCConfigurationList;
			buildConfigurations = (
				52D6D98E1BEFF229002C0205 /* Debug */,
				52D6D98F1BEFF229002C0205 /* Release */,
			);
			defaultConfigurationIsVisible = 0;
			defaultConfigurationName = Release;
		};
		52D6D9901BEFF229002C0205 /* Build configuration list for PBXNativeTarget "Colors-iOS" */ = {
			isa = XCConfigurationList;
			buildConfigurations = (
				52D6D9911BEFF229002C0205 /* Debug */,
				52D6D9921BEFF229002C0205 /* Release */,
			);
			defaultConfigurationIsVisible = 0;
			defaultConfigurationName = Release;
		};
		52D6D9931BEFF229002C0205 /* Build configuration list for PBXNativeTarget "Colors-iOS Tests" */ = {
			isa = XCConfigurationList;
			buildConfigurations = (
				52D6D9941BEFF229002C0205 /* Debug */,
				52D6D9951BEFF229002C0205 /* Release */,
			);
			defaultConfigurationIsVisible = 0;
			defaultConfigurationName = Release;
		};
		52D6D9E71BEFFF6E002C0205 /* Build configuration list for PBXNativeTarget "Colors-watchOS" */ = {
			isa = XCConfigurationList;
			buildConfigurations = (
				52D6D9E81BEFFF6E002C0205 /* Debug */,
				52D6D9E91BEFFF6E002C0205 /* Release */,
			);
			defaultConfigurationIsVisible = 0;
			defaultConfigurationName = Release;
		};
		52D6DA011BEFFFBE002C0205 /* Build configuration list for PBXNativeTarget "Colors-tvOS" */ = {
			isa = XCConfigurationList;
			buildConfigurations = (
				52D6DA021BEFFFBE002C0205 /* Debug */,
				52D6DA031BEFFFBE002C0205 /* Release */,
			);
			defaultConfigurationIsVisible = 0;
			defaultConfigurationName = Release;
		};
		52D6DA201BF000BD002C0205 /* Build configuration list for PBXNativeTarget "Colors-macOS" */ = {
			isa = XCConfigurationList;
			buildConfigurations = (
				52D6DA211BF000BD002C0205 /* Debug */,
				52D6DA221BF000BD002C0205 /* Release */,
			);
			defaultConfigurationIsVisible = 0;
			defaultConfigurationName = Release;
		};
		DD7502821C68FCFC006590AF /* Build configuration list for PBXNativeTarget "Colors-macOS Tests" */ = {
			isa = XCConfigurationList;
			buildConfigurations = (
				DD7502831C68FCFC006590AF /* Debug */,
				DD7502841C68FCFC006590AF /* Release */,
			);
			defaultConfigurationIsVisible = 0;
			defaultConfigurationName = Release;
		};
		DD7502951C690C7A006590AF /* Build configuration list for PBXNativeTarget "Colors-tvOS Tests" */ = {
			isa = XCConfigurationList;
			buildConfigurations = (
				DD7502961C690C7A006590AF /* Debug */,
				DD7502971C690C7A006590AF /* Release */,
			);
			defaultConfigurationIsVisible = 0;
			defaultConfigurationName = Release;
		};
/* End XCConfigurationList section */
	};
	rootObject = 52D6D9731BEFF229002C0205 /* Project object */;
}
